{
  "lockfileVersion": 1,
  "workspaces": {
    "": {
      "name": "vsapi",
      "dependencies": {
        "@aws-sdk/client-s3": "^3.884.0",
        "@elysiajs/cron": "^1.3.0",
        "cheerio": "^1.1.2",
        "dotenv": "^17.2.2",
        "elysia": "latest",
        "ioredis": "^5.7.0",
      },
      "devDependencies": {
        "bun-types": "latest",
      },
    },
  },
  "packages": {
    "@aws-crypto/crc32": ["@aws-crypto/crc32@5.2.0", "", { "dependencies": { "@aws-crypto/util": "^5.2.0", "@aws-sdk/types": "^3.222.0", "tslib": "^2.6.2" } }, "sha512-nLbCWqQNgUiwwtFsen1AdzAtvuLRsQS8rYgMuxCrdKf9kOssamGLuPwyTY9wyYblNr9+1XM8v6zoDTPPSIeANg=="],

    "@aws-crypto/crc32c": ["@aws-crypto/crc32c@5.2.0", "", { "dependencies": { "@aws-crypto/util": "^5.2.0", "@aws-sdk/types": "^3.222.0", "tslib": "^2.6.2" } }, "sha512-+iWb8qaHLYKrNvGRbiYRHSdKRWhto5XlZUEBwDjYNf+ly5SVYG6zEoYIdxvf5R3zyeP16w4PLBn3rH1xc74Rag=="],

    "@aws-crypto/sha1-browser": ["@aws-crypto/sha1-browser@5.2.0", "", { "dependencies": { "@aws-crypto/supports-web-crypto": "^5.2.0", "@aws-crypto/util": "^5.2.0", "@aws-sdk/types": "^3.222.0", "@aws-sdk/util-locate-window": "^3.0.0", "@smithy/util-utf8": "^2.0.0", "tslib": "^2.6.2" } }, "sha512-OH6lveCFfcDjX4dbAvCFSYUjJZjDr/3XJ3xHtjn3Oj5b9RjojQo8npoLeA/bNwkOkrSQ0wgrHzXk4tDRxGKJeg=="],

    "@aws-crypto/sha256-browser": ["@aws-crypto/sha256-browser@5.2.0", "", { "dependencies": { "@aws-crypto/sha256-js": "^5.2.0", "@aws-crypto/supports-web-crypto": "^5.2.0", "@aws-crypto/util": "^5.2.0", "@aws-sdk/types": "^3.222.0", "@aws-sdk/util-locate-window": "^3.0.0", "@smithy/util-utf8": "^2.0.0", "tslib": "^2.6.2" } }, "sha512-AXfN/lGotSQwu6HNcEsIASo7kWXZ5HYWvfOmSNKDsEqC4OashTp8alTmaz+F7TC2L083SFv5RdB+qU3Vs1kZqw=="],

    "@aws-crypto/sha256-js": ["@aws-crypto/sha256-js@5.2.0", "", { "dependencies": { "@aws-crypto/util": "^5.2.0", "@aws-sdk/types": "^3.222.0", "tslib": "^2.6.2" } }, "sha512-FFQQyu7edu4ufvIZ+OadFpHHOt+eSTBaYaki44c+akjg7qZg9oOQeLlk77F6tSYqjDAFClrHJk9tMf0HdVyOvA=="],

    "@aws-crypto/supports-web-crypto": ["@aws-crypto/supports-web-crypto@5.2.0", "", { "dependencies": { "tslib": "^2.6.2" } }, "sha512-iAvUotm021kM33eCdNfwIN//F77/IADDSs58i+MDaOqFrVjZo9bAal0NK7HurRuWLLpF1iLX7gbWrjHjeo+YFg=="],

    "@aws-crypto/util": ["@aws-crypto/util@5.2.0", "", { "dependencies": { "@aws-sdk/types": "^3.222.0", "@smithy/util-utf8": "^2.0.0", "tslib": "^2.6.2" } }, "sha512-4RkU9EsI6ZpBve5fseQlGNUWKMa1RLPQ1dnjnQoe07ldfIzcsGb5hC5W0Dm7u423KWzawlrpbjXBrXCEv9zazQ=="],

    "@aws-sdk/client-s3": ["@aws-sdk/client-s3@3.884.0", "", { "dependencies": { "@aws-crypto/sha1-browser": "5.2.0", "@aws-crypto/sha256-browser": "5.2.0", "@aws-crypto/sha256-js": "5.2.0", "@aws-sdk/core": "3.883.0", "@aws-sdk/credential-provider-node": "3.883.0", "@aws-sdk/middleware-bucket-endpoint": "3.873.0", "@aws-sdk/middleware-expect-continue": "3.873.0", "@aws-sdk/middleware-flexible-checksums": "3.883.0", "@aws-sdk/middleware-host-header": "3.873.0", "@aws-sdk/middleware-location-constraint": "3.873.0", "@aws-sdk/middleware-logger": "3.876.0", "@aws-sdk/middleware-recursion-detection": "3.873.0", "@aws-sdk/middleware-sdk-s3": "3.883.0", "@aws-sdk/middleware-ssec": "3.873.0", "@aws-sdk/middleware-user-agent": "3.883.0", "@aws-sdk/region-config-resolver": "3.873.0", "@aws-sdk/signature-v4-multi-region": "3.883.0", "@aws-sdk/types": "3.862.0", "@aws-sdk/util-endpoints": "3.879.0", "@aws-sdk/util-user-agent-browser": "3.873.0", "@aws-sdk/util-user-agent-node": "3.883.0", "@aws-sdk/xml-builder": "3.873.0", "@smithy/config-resolver": "^4.1.5", "@smithy/core": "^3.9.2", "@smithy/eventstream-serde-browser": "^4.0.5", "@smithy/eventstream-serde-config-resolver": "^4.1.3", "@smithy/eventstream-serde-node": "^4.0.5", "@smithy/fetch-http-handler": "^5.1.1", "@smithy/hash-blob-browser": "^4.0.5", "@smithy/hash-node": "^4.0.5", "@smithy/hash-stream-node": "^4.0.5", "@smithy/invalid-dependency": "^4.0.5", "@smithy/md5-js": "^4.0.5", "@smithy/middleware-content-length": "^4.0.5", "@smithy/middleware-endpoint": "^4.1.21", "@smithy/middleware-retry": "^4.1.22", "@smithy/middleware-serde": "^4.0.9", "@smithy/middleware-stack": "^4.0.5", "@smithy/node-config-provider": "^4.1.4", "@smithy/node-http-handler": "^4.1.1", "@smithy/protocol-http": "^5.1.3", "@smithy/smithy-client": "^4.5.2", "@smithy/types": "^4.3.2", "@smithy/url-parser": "^4.0.5", "@smithy/util-base64": "^4.0.0", "@smithy/util-body-length-browser": "^4.0.0", "@smithy/util-body-length-node": "^4.0.0", "@smithy/util-defaults-mode-browser": "^4.0.29", "@smithy/util-defaults-mode-node": "^4.0.29", "@smithy/util-endpoints": "^3.0.7", "@smithy/util-middleware": "^4.0.5", "@smithy/util-retry": "^4.0.7", "@smithy/util-stream": "^4.2.4", "@smithy/util-utf8": "^4.0.0", "@smithy/util-waiter": "^4.0.7", "@types/uuid": "^9.0.1", "tslib": "^2.6.2", "uuid": "^9.0.1" } }, "sha512-Okwg52/iho5wMCzd7A70g50k+bEYS+VUbSjD3NOzwrvZ3c7DwYjDUt13hVnUwMGygTVL+NGSpXSziTZe9P3/Cg=="],

    "@aws-sdk/client-sso": ["@aws-sdk/client-sso@3.883.0", "", { "dependencies": { "@aws-crypto/sha256-browser": "5.2.0", "@aws-crypto/sha256-js": "5.2.0", "@aws-sdk/core": "3.883.0", "@aws-sdk/middleware-host-header": "3.873.0", "@aws-sdk/middleware-logger": "3.876.0", "@aws-sdk/middleware-recursion-detection": "3.873.0", "@aws-sdk/middleware-user-agent": "3.883.0", "@aws-sdk/region-config-resolver": "3.873.0", "@aws-sdk/types": "3.862.0", "@aws-sdk/util-endpoints": "3.879.0", "@aws-sdk/util-user-agent-browser": "3.873.0", "@aws-sdk/util-user-agent-node": "3.883.0", "@smithy/config-resolver": "^4.1.5", "@smithy/core": "^3.9.2", "@smithy/fetch-http-handler": "^5.1.1", "@smithy/hash-node": "^4.0.5", "@smithy/invalid-dependency": "^4.0.5", "@smithy/middleware-content-length": "^4.0.5", "@smithy/middleware-endpoint": "^4.1.21", "@smithy/middleware-retry": "^4.1.22", "@smithy/middleware-serde": "^4.0.9", "@smithy/middleware-stack": "^4.0.5", "@smithy/node-config-provider": "^4.1.4", "@smithy/node-http-handler": "^4.1.1", "@smithy/protocol-http": "^5.1.3", "@smithy/smithy-client": "^4.5.2", "@smithy/types": "^4.3.2", "@smithy/url-parser": "^4.0.5", "@smithy/util-base64": "^4.0.0", "@smithy/util-body-length-browser": "^4.0.0", "@smithy/util-body-length-node": "^4.0.0", "@smithy/util-defaults-mode-browser": "^4.0.29", "@smithy/util-defaults-mode-node": "^4.0.29", "@smithy/util-endpoints": "^3.0.7", "@smithy/util-middleware": "^4.0.5", "@smithy/util-retry": "^4.0.7", "@smithy/util-utf8": "^4.0.0", "tslib": "^2.6.2" } }, "sha512-Ybjw76yPceEBO7+VLjy5+/Gr0A1UNymSDHda5w8tfsS2iHZt/vuD6wrYpHdLoUx4H5la8ZhwcSfK/+kmE+QLPw=="],

    "@aws-sdk/core": ["@aws-sdk/core@3.883.0", "", { "dependencies": { "@aws-sdk/types": "3.862.0", "@aws-sdk/xml-builder": "3.873.0", "@smithy/core": "^3.9.2", "@smithy/node-config-provider": "^4.1.4", "@smithy/property-provider": "^4.0.5", "@smithy/protocol-http": "^5.1.3", "@smithy/signature-v4": "^5.1.3", "@smithy/smithy-client": "^4.5.2", "@smithy/types": "^4.3.2", "@smithy/util-base64": "^4.0.0", "@smithy/util-body-length-browser": "^4.0.0", "@smithy/util-middleware": "^4.0.5", "@smithy/util-utf8": "^4.0.0", "fast-xml-parser": "5.2.5", "tslib": "^2.6.2" } }, "sha512-FmkqnqBLkXi4YsBPbF6vzPa0m4XKUuvgKDbamfw4DZX2CzfBZH6UU4IwmjNV3ZM38m0xraHarK8KIbGSadN3wg=="],

    "@aws-sdk/credential-provider-env": ["@aws-sdk/credential-provider-env@3.883.0", "", { "dependencies": { "@aws-sdk/core": "3.883.0", "@aws-sdk/types": "3.862.0", "@smithy/property-provider": "^4.0.5", "@smithy/types": "^4.3.2", "tslib": "^2.6.2" } }, "sha512-Z6tPBXPCodfhIF1rvQKoeRGMkwL6TK0xdl1UoMIA1x4AfBpPICAF77JkFBExk/pdiFYq1d04Qzddd/IiujSlLg=="],

    "@aws-sdk/credential-provider-http": ["@aws-sdk/credential-provider-http@3.883.0", "", { "dependencies": { "@aws-sdk/core": "3.883.0", "@aws-sdk/types": "3.862.0", "@smithy/fetch-http-handler": "^5.1.1", "@smithy/node-http-handler": "^4.1.1", "@smithy/property-provider": "^4.0.5", "@smithy/protocol-http": "^5.1.3", "@smithy/smithy-client": "^4.5.2", "@smithy/types": "^4.3.2", "@smithy/util-stream": "^4.2.4", "tslib": "^2.6.2" } }, "sha512-P589ug1lMOOEYLTaQJjSP+Gee34za8Kk2LfteNQfO9SpByHFgGj++Sg8VyIe30eZL8Q+i4qTt24WDCz1c+dgYg=="],

    "@aws-sdk/credential-provider-ini": ["@aws-sdk/credential-provider-ini@3.883.0", "", { "dependencies": { "@aws-sdk/core": "3.883.0", "@aws-sdk/credential-provider-env": "3.883.0", "@aws-sdk/credential-provider-http": "3.883.0", "@aws-sdk/credential-provider-process": "3.883.0", "@aws-sdk/credential-provider-sso": "3.883.0", "@aws-sdk/credential-provider-web-identity": "3.883.0", "@aws-sdk/nested-clients": "3.883.0", "@aws-sdk/types": "3.862.0", "@smithy/credential-provider-imds": "^4.0.7", "@smithy/property-provider": "^4.0.5", "@smithy/shared-ini-file-loader": "^4.0.5", "@smithy/types": "^4.3.2", "tslib": "^2.6.2" } }, "sha512-n6z9HTzuDEdugXvPiE/95VJXbF4/gBffdV/SRHDJKtDHaRuvp/gggbfmfVSTFouGVnlKPb2pQWQsW3Nr/Y3Lrw=="],

    "@aws-sdk/credential-provider-node": ["@aws-sdk/credential-provider-node@3.883.0", "", { "dependencies": { "@aws-sdk/credential-provider-env": "3.883.0", "@aws-sdk/credential-provider-http": "3.883.0", "@aws-sdk/credential-provider-ini": "3.883.0", "@aws-sdk/credential-provider-process": "3.883.0", "@aws-sdk/credential-provider-sso": "3.883.0", "@aws-sdk/credential-provider-web-identity": "3.883.0", "@aws-sdk/types": "3.862.0", "@smithy/credential-provider-imds": "^4.0.7", "@smithy/property-provider": "^4.0.5", "@smithy/shared-ini-file-loader": "^4.0.5", "@smithy/types": "^4.3.2", "tslib": "^2.6.2" } }, "sha512-QIUhsatsrwfB9ZsKpmi0EySSfexVP61wgN7hr493DOileh2QsKW4XATEfsWNmx0dj9323Vg1Mix7bXtRfl9cGg=="],

    "@aws-sdk/credential-provider-process": ["@aws-sdk/credential-provider-process@3.883.0", "", { "dependencies": { "@aws-sdk/core": "3.883.0", "@aws-sdk/types": "3.862.0", "@smithy/property-provider": "^4.0.5", "@smithy/shared-ini-file-loader": "^4.0.5", "@smithy/types": "^4.3.2", "tslib": "^2.6.2" } }, "sha512-m1shbHY/Vppy4EdddG9r8x64TO/9FsCjokp5HbKcZvVoTOTgUJrdT8q2TAQJ89+zYIJDqsKbqfrmfwJ1zOdnGQ=="],

    "@aws-sdk/credential-provider-sso": ["@aws-sdk/credential-provider-sso@3.883.0", "", { "dependencies": { "@aws-sdk/client-sso": "3.883.0", "@aws-sdk/core": "3.883.0", "@aws-sdk/token-providers": "3.883.0", "@aws-sdk/types": "3.862.0", "@smithy/property-provider": "^4.0.5", "@smithy/shared-ini-file-loader": "^4.0.5", "@smithy/types": "^4.3.2", "tslib": "^2.6.2" } }, "sha512-37ve9Tult08HLXrJFHJM/sGB/vO7wzI6v1RUUfeTiShqx8ZQ5fTzCTNY/duO96jCtCexmFNSycpQzh7lDIf0aA=="],

    "@aws-sdk/credential-provider-web-identity": ["@aws-sdk/credential-provider-web-identity@3.883.0", "", { "dependencies": { "@aws-sdk/core": "3.883.0", "@aws-sdk/nested-clients": "3.883.0", "@aws-sdk/types": "3.862.0", "@smithy/property-provider": "^4.0.5", "@smithy/types": "^4.3.2", "tslib": "^2.6.2" } }, "sha512-SL82K9Jb0vpuTadqTO4Fpdu7SKtebZ3Yo4LZvk/U0UauVMlJj5ZTos0mFx1QSMB9/4TpqifYrSZcdnxgYg8Eqw=="],

    "@aws-sdk/middleware-bucket-endpoint": ["@aws-sdk/middleware-bucket-endpoint@3.873.0", "", { "dependencies": { "@aws-sdk/types": "3.862.0", "@aws-sdk/util-arn-parser": "3.873.0", "@smithy/node-config-provider": "^4.1.4", "@smithy/protocol-http": "^5.1.3", "@smithy/types": "^4.3.2", "@smithy/util-config-provider": "^4.0.0", "tslib": "^2.6.2" } }, "sha512-b4bvr0QdADeTUs+lPc9Z48kXzbKHXQKgTvxx/jXDgSW9tv4KmYPO1gIj6Z9dcrBkRWQuUtSW3Tu2S5n6pe+zeg=="],

    "@aws-sdk/middleware-expect-continue": ["@aws-sdk/middleware-expect-continue@3.873.0", "", { "dependencies": { "@aws-sdk/types": "3.862.0", "@smithy/protocol-http": "^5.1.3", "@smithy/types": "^4.3.2", "tslib": "^2.6.2" } }, "sha512-GIqoc8WgRcf/opBOZXFLmplJQKwOMjiOMmDz9gQkaJ8FiVJoAp8EGVmK2TOWZMQUYsavvHYsHaor5R2xwPoGVg=="],

    "@aws-sdk/middleware-flexible-checksums": ["@aws-sdk/middleware-flexible-checksums@3.883.0", "", { "dependencies": { "@aws-crypto/crc32": "5.2.0", "@aws-crypto/crc32c": "5.2.0", "@aws-crypto/util": "5.2.0", "@aws-sdk/core": "3.883.0", "@aws-sdk/types": "3.862.0", "@smithy/is-array-buffer": "^4.0.0", "@smithy/node-config-provider": "^4.1.4", "@smithy/protocol-http": "^5.1.3", "@smithy/types": "^4.3.2", "@smithy/util-middleware": "^4.0.5", "@smithy/util-stream": "^4.2.4", "@smithy/util-utf8": "^4.0.0", "tslib": "^2.6.2" } }, "sha512-EloU4ZjkH+CXCHJcYElXo5nZ1vK6Miam/S02YSHk5JTrJkm4RV478KXXO29TIIAwZXcLT/FEQOZ9ZH/JHFFCFQ=="],

    "@aws-sdk/middleware-host-header": ["@aws-sdk/middleware-host-header@3.873.0", "", { "dependencies": { "@aws-sdk/types": "3.862.0", "@smithy/protocol-http": "^5.1.3", "@smithy/types": "^4.3.2", "tslib": "^2.6.2" } }, "sha512-KZ/W1uruWtMOs7D5j3KquOxzCnV79KQW9MjJFZM/M0l6KI8J6V3718MXxFHsTjUE4fpdV6SeCNLV1lwGygsjJA=="],

    "@aws-sdk/middleware-location-constraint": ["@aws-sdk/middleware-location-constraint@3.873.0", "", { "dependencies": { "@aws-sdk/types": "3.862.0", "@smithy/types": "^4.3.2", "tslib": "^2.6.2" } }, "sha512-r+hIaORsW/8rq6wieDordXnA/eAu7xAPLue2InhoEX6ML7irP52BgiibHLpt9R0psiCzIHhju8qqKa4pJOrmiw=="],

    "@aws-sdk/middleware-logger": ["@aws-sdk/middleware-logger@3.876.0", "", { "dependencies": { "@aws-sdk/types": "3.862.0", "@smithy/types": "^4.3.2", "tslib": "^2.6.2" } }, "sha512-cpWJhOuMSyz9oV25Z/CMHCBTgafDCbv7fHR80nlRrPdPZ8ETNsahwRgltXP1QJJ8r3X/c1kwpOR7tc+RabVzNA=="],

    "@aws-sdk/middleware-recursion-detection": ["@aws-sdk/middleware-recursion-detection@3.873.0", "", { "dependencies": { "@aws-sdk/types": "3.862.0", "@smithy/protocol-http": "^5.1.3", "@smithy/types": "^4.3.2", "tslib": "^2.6.2" } }, "sha512-OtgY8EXOzRdEWR//WfPkA/fXl0+WwE8hq0y9iw2caNyKPtca85dzrrZWnPqyBK/cpImosrpR1iKMYr41XshsCg=="],

    "@aws-sdk/middleware-sdk-s3": ["@aws-sdk/middleware-sdk-s3@3.883.0", "", { "dependencies": { "@aws-sdk/core": "3.883.0", "@aws-sdk/types": "3.862.0", "@aws-sdk/util-arn-parser": "3.873.0", "@smithy/core": "^3.9.2", "@smithy/node-config-provider": "^4.1.4", "@smithy/protocol-http": "^5.1.3", "@smithy/signature-v4": "^5.1.3", "@smithy/smithy-client": "^4.5.2", "@smithy/types": "^4.3.2", "@smithy/util-config-provider": "^4.0.0", "@smithy/util-middleware": "^4.0.5", "@smithy/util-stream": "^4.2.4", "@smithy/util-utf8": "^4.0.0", "tslib": "^2.6.2" } }, "sha512-i4sGOj9xhSN6/LkYj3AJ2SRWENnpN9JySwNqIoRqO1Uon8gfyNLJd1yV+s43vXQsU5wbKWVXK8l9SRo+vNTQwg=="],

    "@aws-sdk/middleware-ssec": ["@aws-sdk/middleware-ssec@3.873.0", "", { "dependencies": { "@aws-sdk/types": "3.862.0", "@smithy/types": "^4.3.2", "tslib": "^2.6.2" } }, "sha512-AF55J94BoiuzN7g3hahy0dXTVZahVi8XxRBLgzNp6yQf0KTng+hb/V9UQZVYY1GZaDczvvvnqC54RGe9OZZ9zQ=="],

    "@aws-sdk/middleware-user-agent": ["@aws-sdk/middleware-user-agent@3.883.0", "", { "dependencies": { "@aws-sdk/core": "3.883.0", "@aws-sdk/types": "3.862.0", "@aws-sdk/util-endpoints": "3.879.0", "@smithy/core": "^3.9.2", "@smithy/protocol-http": "^5.1.3", "@smithy/types": "^4.3.2", "tslib": "^2.6.2" } }, "sha512-q58uLYnGLg7hsnWpdj7Cd1Ulsq1/PUJOHvAfgcBuiDE/+Fwh0DZxZZyjrU+Cr+dbeowIdUaOO8BEDDJ0CUenJw=="],

    "@aws-sdk/nested-clients": ["@aws-sdk/nested-clients@3.883.0", "", { "dependencies": { "@aws-crypto/sha256-browser": "5.2.0", "@aws-crypto/sha256-js": "5.2.0", "@aws-sdk/core": "3.883.0", "@aws-sdk/middleware-host-header": "3.873.0", "@aws-sdk/middleware-logger": "3.876.0", "@aws-sdk/middleware-recursion-detection": "3.873.0", "@aws-sdk/middleware-user-agent": "3.883.0", "@aws-sdk/region-config-resolver": "3.873.0", "@aws-sdk/types": "3.862.0", "@aws-sdk/util-endpoints": "3.879.0", "@aws-sdk/util-user-agent-browser": "3.873.0", "@aws-sdk/util-user-agent-node": "3.883.0", "@smithy/config-resolver": "^4.1.5", "@smithy/core": "^3.9.2", "@smithy/fetch-http-handler": "^5.1.1", "@smithy/hash-node": "^4.0.5", "@smithy/invalid-dependency": "^4.0.5", "@smithy/middleware-content-length": "^4.0.5", "@smithy/middleware-endpoint": "^4.1.21", "@smithy/middleware-retry": "^4.1.22", "@smithy/middleware-serde": "^4.0.9", "@smithy/middleware-stack": "^4.0.5", "@smithy/node-config-provider": "^4.1.4", "@smithy/node-http-handler": "^4.1.1", "@smithy/protocol-http": "^5.1.3", "@smithy/smithy-client": "^4.5.2", "@smithy/types": "^4.3.2", "@smithy/url-parser": "^4.0.5", "@smithy/util-base64": "^4.0.0", "@smithy/util-body-length-browser": "^4.0.0", "@smithy/util-body-length-node": "^4.0.0", "@smithy/util-defaults-mode-browser": "^4.0.29", "@smithy/util-defaults-mode-node": "^4.0.29", "@smithy/util-endpoints": "^3.0.7", "@smithy/util-middleware": "^4.0.5", "@smithy/util-retry": "^4.0.7", "@smithy/util-utf8": "^4.0.0", "tslib": "^2.6.2" } }, "sha512-IhzDM+v0ga53GOOrZ9jmGNr7JU5OR6h6ZK9NgB7GXaa+gsDbqfUuXRwyKDYXldrTXf1sUR3vy1okWDXA7S2ejQ=="],

    "@aws-sdk/region-config-resolver": ["@aws-sdk/region-config-resolver@3.873.0", "", { "dependencies": { "@aws-sdk/types": "3.862.0", "@smithy/node-config-provider": "^4.1.4", "@smithy/types": "^4.3.2", "@smithy/util-config-provider": "^4.0.0", "@smithy/util-middleware": "^4.0.5", "tslib": "^2.6.2" } }, "sha512-q9sPoef+BBG6PJnc4x60vK/bfVwvRWsPgcoQyIra057S/QGjq5VkjvNk6H8xedf6vnKlXNBwq9BaANBXnldUJg=="],

    "@aws-sdk/signature-v4-multi-region": ["@aws-sdk/signature-v4-multi-region@3.883.0", "", { "dependencies": { "@aws-sdk/middleware-sdk-s3": "3.883.0", "@aws-sdk/types": "3.862.0", "@smithy/protocol-http": "^5.1.3", "@smithy/signature-v4": "^5.1.3", "@smithy/types": "^4.3.2", "tslib": "^2.6.2" } }, "sha512-86PO7+xhuQ48cD3xlZgEpRxVP1lBarWAJy23sB6zZLHgZSbnYXYjRFuyxX4PlFzqllM3PDKJvq3WnXeqSXeNsg=="],

    "@aws-sdk/token-providers": ["@aws-sdk/token-providers@3.883.0", "", { "dependencies": { "@aws-sdk/core": "3.883.0", "@aws-sdk/nested-clients": "3.883.0", "@aws-sdk/types": "3.862.0", "@smithy/property-provider": "^4.0.5", "@smithy/shared-ini-file-loader": "^4.0.5", "@smithy/types": "^4.3.2", "tslib": "^2.6.2" } }, "sha512-tcj/Z5paGn9esxhmmkEW7gt39uNoIRbXG1UwJrfKu4zcTr89h86PDiIE2nxUO3CMQf1KgncPpr5WouPGzkh/QQ=="],

    "@aws-sdk/types": ["@aws-sdk/types@3.862.0", "", { "dependencies": { "@smithy/types": "^4.3.2", "tslib": "^2.6.2" } }, "sha512-Bei+RL0cDxxV+lW2UezLbCYYNeJm6Nzee0TpW0FfyTRBhH9C1XQh4+x+IClriXvgBnRquTMMYsmJfvx8iyLKrg=="],

    "@aws-sdk/util-arn-parser": ["@aws-sdk/util-arn-parser@3.873.0", "", { "dependencies": { "tslib": "^2.6.2" } }, "sha512-qag+VTqnJWDn8zTAXX4wiVioa0hZDQMtbZcGRERVnLar4/3/VIKBhxX2XibNQXFu1ufgcRn4YntT/XEPecFWcg=="],

    "@aws-sdk/util-endpoints": ["@aws-sdk/util-endpoints@3.879.0", "", { "dependencies": { "@aws-sdk/types": "3.862.0", "@smithy/types": "^4.3.2", "@smithy/url-parser": "^4.0.5", "@smithy/util-endpoints": "^3.0.7", "tslib": "^2.6.2" } }, "sha512-aVAJwGecYoEmbEFju3127TyJDF9qJsKDUUTRMDuS8tGn+QiWQFnfInmbt+el9GU1gEJupNTXV+E3e74y51fb7A=="],

    "@aws-sdk/util-locate-window": ["@aws-sdk/util-locate-window@3.873.0", "", { "dependencies": { "tslib": "^2.6.2" } }, "sha512-xcVhZF6svjM5Rj89T1WzkjQmrTF6dpR2UvIHPMTnSZoNe6CixejPZ6f0JJ2kAhO8H+dUHwNBlsUgOTIKiK/Syg=="],

    "@aws-sdk/util-user-agent-browser": ["@aws-sdk/util-user-agent-browser@3.873.0", "", { "dependencies": { "@aws-sdk/types": "3.862.0", "@smithy/types": "^4.3.2", "bowser": "^2.11.0", "tslib": "^2.6.2" } }, "sha512-AcRdbK6o19yehEcywI43blIBhOCSo6UgyWcuOJX5CFF8k39xm1ILCjQlRRjchLAxWrm0lU0Q7XV90RiMMFMZtA=="],

    "@aws-sdk/util-user-agent-node": ["@aws-sdk/util-user-agent-node@3.883.0", "", { "dependencies": { "@aws-sdk/middleware-user-agent": "3.883.0", "@aws-sdk/types": "3.862.0", "@smithy/node-config-provider": "^4.1.4", "@smithy/types": "^4.3.2", "tslib": "^2.6.2" }, "peerDependencies": { "aws-crt": ">=1.0.0" }, "optionalPeers": ["aws-crt"] }, "sha512-28cQZqC+wsKUHGpTBr+afoIdjS6IoEJkMqcZsmo2Ag8LzmTa6BUWQenFYB0/9BmDy4PZFPUn+uX+rJgWKB+jzA=="],

    "@aws-sdk/xml-builder": ["@aws-sdk/xml-builder@3.873.0", "", { "dependencies": { "@smithy/types": "^4.3.2", "tslib": "^2.6.2" } }, "sha512-kLO7k7cGJ6KaHiExSJWojZurF7SnGMDHXRuQunFnEoD0n1yB6Lqy/S/zHiQ7oJnBhPr9q0TW9qFkrsZb1Uc54w=="],

    "@borewit/text-codec": ["@borewit/text-codec@0.1.1", "", {}, "sha512-5L/uBxmjaCIX5h8Z+uu+kA9BQLkc/Wl06UGR5ajNRxu+/XjonB5i8JpgFMrPj3LXTCPA0pv8yxUvbUi+QthGGA=="],

    "@elysiajs/cron": ["@elysiajs/cron@1.3.0", "", { "dependencies": { "croner": "^6.0.3" }, "peerDependencies": { "elysia": ">= 1.3.0" } }, "sha512-8MaL9ypxo+6r9ISYGx1uabDJhdJxCHGc5IUjpNSOGnDT6koFW2xAKtrFtECrkWt4IhwWmew6GMLXvYZ3aOcHGQ=="],

    "@ioredis/commands": ["@ioredis/commands@1.3.1", "", {}, "sha512-bYtU8avhGIcje3IhvF9aSjsa5URMZBHnwKtOvXsT4sfYy9gppW11gLPT/9oNqlJZD47yPKveQFTAFWpHjKvUoQ=="],

    "@sinclair/typebox": ["@sinclair/typebox@0.34.41", "", {}, "sha512-6gS8pZzSXdyRHTIqoqSVknxolr1kzfy4/CeDnrzsVz8TTIWUbOBr6gnzOmTYJ3eXQNh4IYHIGi5aIL7sOZ2G/g=="],

    "@smithy/abort-controller": ["@smithy/abort-controller@4.1.0", "", { "dependencies": { "@smithy/types": "^4.4.0", "tslib": "^2.6.2" } }, "sha512-wEhSYznxOmx7EdwK1tYEWJF5+/wmSFsff9BfTOn8oO/+KPl3gsmThrb6MJlWbOC391+Ya31s5JuHiC2RlT80Zg=="],

    "@smithy/chunked-blob-reader": ["@smithy/chunked-blob-reader@5.1.0", "", { "dependencies": { "tslib": "^2.6.2" } }, "sha512-a36AtR7Q7XOhRPt6F/7HENmTWcB8kN7mDJcOFM/+FuKO6x88w8MQJfYCufMWh4fGyVkPjUh3Rrz/dnqFQdo6OQ=="],

    "@smithy/chunked-blob-reader-native": ["@smithy/chunked-blob-reader-native@4.1.0", "", { "dependencies": { "@smithy/util-base64": "^4.1.0", "tslib": "^2.6.2" } }, "sha512-Bnv0B3nSlfB2mPO0WgM49I/prl7+kamF042rrf3ezJ3Z4C7csPYvyYgZfXTGXwXfj1mAwDWjE/ybIf49PzFzvA=="],

    "@smithy/config-resolver": ["@smithy/config-resolver@4.2.0", "", { "dependencies": { "@smithy/node-config-provider": "^4.2.0", "@smithy/types": "^4.4.0", "@smithy/util-config-provider": "^4.1.0", "@smithy/util-middleware": "^4.1.0", "tslib": "^2.6.2" } }, "sha512-FA10YhPFLy23uxeWu7pOM2ctlw+gzbPMTZQwrZ8FRIfyJ/p8YIVz7AVTB5jjLD+QIerydyKcVMZur8qzzDILAQ=="],

    "@smithy/core": ["@smithy/core@3.10.0", "", { "dependencies": { "@smithy/middleware-serde": "^4.1.0", "@smithy/protocol-http": "^5.2.0", "@smithy/types": "^4.4.0", "@smithy/util-base64": "^4.1.0", "@smithy/util-body-length-browser": "^4.1.0", "@smithy/util-middleware": "^4.1.0", "@smithy/util-stream": "^4.3.0", "@smithy/util-utf8": "^4.1.0", "@types/uuid": "^9.0.1", "tslib": "^2.6.2", "uuid": "^9.0.1" } }, "sha512-bXyD3Ij6b1qDymEYlEcF+QIjwb9gObwZNaRjETJsUEvSIzxFdynSQ3E4ysY7lUFSBzeWBNaFvX+5A0smbC2q6A=="],

    "@smithy/credential-provider-imds": ["@smithy/credential-provider-imds@4.1.0", "", { "dependencies": { "@smithy/node-config-provider": "^4.2.0", "@smithy/property-provider": "^4.1.0", "@smithy/types": "^4.4.0", "@smithy/url-parser": "^4.1.0", "tslib": "^2.6.2" } }, "sha512-iVwNhxTsCQTPdp++4C/d9xvaDmuEWhXi55qJobMp9QMaEHRGH3kErU4F8gohtdsawRqnUy/ANylCjKuhcR2mPw=="],

    "@smithy/eventstream-codec": ["@smithy/eventstream-codec@4.1.0", "", { "dependencies": { "@aws-crypto/crc32": "5.2.0", "@smithy/types": "^4.4.0", "@smithy/util-hex-encoding": "^4.1.0", "tslib": "^2.6.2" } }, "sha512-MSOb6pwG3Tss1UwlZMHC+rYergWCo4fwep3Y1fJxwdLLxReSaKFfXxPQhEHi/8LSNQFEcBYBxybgjXjw4jJWqQ=="],

    "@smithy/eventstream-serde-browser": ["@smithy/eventstream-serde-browser@4.1.0", "", { "dependencies": { "@smithy/eventstream-serde-universal": "^4.1.0", "@smithy/types": "^4.4.0", "tslib": "^2.6.2" } }, "sha512-VvHXoBoLos2OCdMtUvKWK7ckcvun6ZP4KBYhf38+kszk6BEuK9k8c3xbIMIpC6K4vTK72qHlHAdBoR9qU+F7xw=="],

    "@smithy/eventstream-serde-config-resolver": ["@smithy/eventstream-serde-config-resolver@4.2.0", "", { "dependencies": { "@smithy/types": "^4.4.0", "tslib": "^2.6.2" } }, "sha512-T7YlcU0cP2bjAC4eXo9E6puqrrmqv5VHBL8bPMOMgEE1p4m+bwkDWRQpeiXqn/idoKM1qwXq8PvRLYmpbYB6uw=="],

    "@smithy/eventstream-serde-node": ["@smithy/eventstream-serde-node@4.1.0", "", { "dependencies": { "@smithy/eventstream-serde-universal": "^4.1.0", "@smithy/types": "^4.4.0", "tslib": "^2.6.2" } }, "sha512-WlIKVRkcPjwuN3x+e8+5KOI9nL6s93bxgWH+39VwwQMl+4FagKPtTM3VCumSoZJ9qn/CNl4W5mVdFFRkDF84lQ=="],

    "@smithy/eventstream-serde-universal": ["@smithy/eventstream-serde-universal@4.1.0", "", { "dependencies": { "@smithy/eventstream-codec": "^4.1.0", "@smithy/types": "^4.4.0", "tslib": "^2.6.2" } }, "sha512-GjMezHHd0xrjJcWLAcnXlVePe7PY8KsdxzKeXcMn7V3vfIScGUpKQJrlSmEXwzFH9Mjl0G0EdOS5GzewZEwtxg=="],

    "@smithy/fetch-http-handler": ["@smithy/fetch-http-handler@5.2.0", "", { "dependencies": { "@smithy/protocol-http": "^5.2.0", "@smithy/querystring-builder": "^4.1.0", "@smithy/types": "^4.4.0", "@smithy/util-base64": "^4.1.0", "tslib": "^2.6.2" } }, "sha512-VZenjDdVaUGiy3hwQtxm75nhXZrhFG+3xyL93qCQAlYDyhT/jeDWM8/3r5uCFMlTmmyrIjiDyiOynVFchb0BSg=="],

    "@smithy/hash-blob-browser": ["@smithy/hash-blob-browser@4.1.0", "", { "dependencies": { "@smithy/chunked-blob-reader": "^5.1.0", "@smithy/chunked-blob-reader-native": "^4.1.0", "@smithy/types": "^4.4.0", "tslib": "^2.6.2" } }, "sha512-brRgh2qEYPHYImfqoQB/xfcT/CjSz9Z/dH2vURSS0lIw3bImFK5t15l4iypwRw4GtZlZTK/VsLqsR54OJWRerg=="],

    "@smithy/hash-node": ["@smithy/hash-node@4.1.0", "", { "dependencies": { "@smithy/types": "^4.4.0", "@smithy/util-buffer-from": "^4.1.0", "@smithy/util-utf8": "^4.1.0", "tslib": "^2.6.2" } }, "sha512-mXkJQ/6lAXTuoSsEH+d/fHa4ms4qV5LqYoPLYhmhCRTNcMMdg+4Ya8cMgU1W8+OR40eX0kzsExT7fAILqtTl2w=="],

    "@smithy/hash-stream-node": ["@smithy/hash-stream-node@4.1.0", "", { "dependencies": { "@smithy/types": "^4.4.0", "@smithy/util-utf8": "^4.1.0", "tslib": "^2.6.2" } }, "sha512-9TToqq62msanK/L6pV1ZAOm2+1VgCz9gE6/TVJhZXV352DnAItaO9jx6FFGujUDXrRJV0lpwe4c0vymz/vXMUQ=="],

    "@smithy/invalid-dependency": ["@smithy/invalid-dependency@4.1.0", "", { "dependencies": { "@smithy/types": "^4.4.0", "tslib": "^2.6.2" } }, "sha512-4/FcV6aCMzgpM4YyA/GRzTtG28G0RQJcWK722MmpIgzOyfSceWcI9T9c8matpHU9qYYLaWtk8pSGNCLn5kzDRw=="],

    "@smithy/is-array-buffer": ["@smithy/is-array-buffer@4.1.0", "", { "dependencies": { "tslib": "^2.6.2" } }, "sha512-ePTYUOV54wMogio+he4pBybe8fwg4sDvEVDBU8ZlHOZXbXK3/C0XfJgUCu6qAZcawv05ZhZzODGUerFBPsPUDQ=="],

    "@smithy/md5-js": ["@smithy/md5-js@4.1.0", "", { "dependencies": { "@smithy/types": "^4.4.0", "@smithy/util-utf8": "^4.1.0", "tslib": "^2.6.2" } }, "sha512-RW1+/E3rv80254ekFqiUTM8ExtN0dG9dkUwU2x17rxS4Mn2ib3SrTCdayCiNbfj6xWHupzgOJB6iNoXiOzNe6g=="],

    "@smithy/middleware-content-length": ["@smithy/middleware-content-length@4.1.0", "", { "dependencies": { "@smithy/protocol-http": "^5.2.0", "@smithy/types": "^4.4.0", "tslib": "^2.6.2" } }, "sha512-x3dgLFubk/ClKVniJu+ELeZGk4mq7Iv0HgCRUlxNUIcerHTLVmq7Q5eGJL0tOnUltY6KFw5YOKaYxwdcMwox/w=="],

    "@smithy/middleware-endpoint": ["@smithy/middleware-endpoint@4.2.0", "", { "dependencies": { "@smithy/core": "^3.10.0", "@smithy/middleware-serde": "^4.1.0", "@smithy/node-config-provider": "^4.2.0", "@smithy/shared-ini-file-loader": "^4.1.0", "@smithy/types": "^4.4.0", "@smithy/url-parser": "^4.1.0", "@smithy/util-middleware": "^4.1.0", "tslib": "^2.6.2" } }, "sha512-J1eCF7pPDwgv7fGwRd2+Y+H9hlIolF3OZ2PjptonzzyOXXGh/1KGJAHpEcY1EX+WLlclKu2yC5k+9jWXdUG4YQ=="],

    "@smithy/middleware-retry": ["@smithy/middleware-retry@4.2.0", "", { "dependencies": { "@smithy/node-config-provider": "^4.2.0", "@smithy/protocol-http": "^5.2.0", "@smithy/service-error-classification": "^4.1.0", "@smithy/smithy-client": "^4.6.0", "@smithy/types": "^4.4.0", "@smithy/util-middleware": "^4.1.0", "@smithy/util-retry": "^4.1.0", "@types/uuid": "^9.0.1", "tslib": "^2.6.2", "uuid": "^9.0.1" } }, "sha512-raL5oWYf5ALl3jCJrajE8enKJEnV/2wZkKS6mb3ZRY2tg3nj66ssdWy5Ps8E6Yu8Wqh3Tt+Sb9LozjvwZupq+A=="],

    "@smithy/middleware-serde": ["@smithy/middleware-serde@4.1.0", "", { "dependencies": { "@smithy/protocol-http": "^5.2.0", "@smithy/types": "^4.4.0", "tslib": "^2.6.2" } }, "sha512-CtLFYlHt7c2VcztyVRc+25JLV4aGpmaSv9F1sPB0AGFL6S+RPythkqpGDa2XBQLJQooKkjLA1g7Xe4450knShg=="],

    "@smithy/middleware-stack": ["@smithy/middleware-stack@4.1.0", "", { "dependencies": { "@smithy/types": "^4.4.0", "tslib": "^2.6.2" } }, "sha512-91Fuw4IKp0eK8PNhMXrHRcYA1jvbZ9BJGT91wwPy3bTQT8mHTcQNius/EhSQTlT9QUI3Ki1wjHeNXbWK0tO8YQ=="],

    "@smithy/node-config-provider": ["@smithy/node-config-provider@4.2.0", "", { "dependencies": { "@smithy/property-provider": "^4.1.0", "@smithy/shared-ini-file-loader": "^4.1.0", "@smithy/types": "^4.4.0", "tslib": "^2.6.2" } }, "sha512-8/fpilqKurQ+f8nFvoFkJ0lrymoMJ+5/CQV5IcTv/MyKhk2Q/EFYCAgTSWHD4nMi9ux9NyBBynkyE9SLg2uSLA=="],

    "@smithy/node-http-handler": ["@smithy/node-http-handler@4.2.0", "", { "dependencies": { "@smithy/abort-controller": "^4.1.0", "@smithy/protocol-http": "^5.2.0", "@smithy/querystring-builder": "^4.1.0", "@smithy/types": "^4.4.0", "tslib": "^2.6.2" } }, "sha512-G4NV70B4hF9vBrUkkvNfWO6+QR4jYjeO4tc+4XrKCb4nPYj49V9Hu8Ftio7Mb0/0IlFyEOORudHrm+isY29nCA=="],

    "@smithy/property-provider": ["@smithy/property-provider@4.1.0", "", { "dependencies": { "@smithy/types": "^4.4.0", "tslib": "^2.6.2" } }, "sha512-eksMjMHUlG5PwOUWO3k+rfLNOPVPJ70mUzyYNKb5lvyIuAwS4zpWGsxGiuT74DFWonW0xRNy+jgzGauUzX7SyA=="],

    "@smithy/protocol-http": ["@smithy/protocol-http@5.2.0", "", { "dependencies": { "@smithy/types": "^4.4.0", "tslib": "^2.6.2" } }, "sha512-bwjlh5JwdOQnA01be+5UvHK4HQz4iaRKlVG46hHSJuqi0Ribt3K06Z1oQ29i35Np4G9MCDgkOGcHVyLMreMcbg=="],

    "@smithy/querystring-builder": ["@smithy/querystring-builder@4.1.0", "", { "dependencies": { "@smithy/types": "^4.4.0", "@smithy/util-uri-escape": "^4.1.0", "tslib": "^2.6.2" } }, "sha512-JqTWmVIq4AF8R8OK/2cCCiQo5ZJ0SRPsDkDgLO5/3z8xxuUp1oMIBBjfuueEe+11hGTZ6rRebzYikpKc6yQV9Q=="],

    "@smithy/querystring-parser": ["@smithy/querystring-parser@4.1.0", "", { "dependencies": { "@smithy/types": "^4.4.0", "tslib": "^2.6.2" } }, "sha512-VgdHhr8YTRsjOl4hnKFm7xEMOCRTnKw3FJ1nU+dlWNhdt/7eEtxtkdrJdx7PlRTabdANTmvyjE4umUl9cK4awg=="],

    "@smithy/service-error-classification": ["@smithy/service-error-classification@4.1.0", "", { "dependencies": { "@smithy/types": "^4.4.0" } }, "sha512-UBpNFzBNmS20jJomuYn++Y+soF8rOK9AvIGjS9yGP6uRXF5rP18h4FDUsoNpWTlSsmiJ87e2DpZo9ywzSMH7PQ=="],

    "@smithy/shared-ini-file-loader": ["@smithy/shared-ini-file-loader@4.1.0", "", { "dependencies": { "@smithy/types": "^4.4.0", "tslib": "^2.6.2" } }, "sha512-W0VMlz9yGdQ/0ZAgWICFjFHTVU0YSfGoCVpKaExRM/FDkTeP/yz8OKvjtGjs6oFokCRm0srgj/g4Cg0xuHu8Rw=="],

    "@smithy/signature-v4": ["@smithy/signature-v4@5.2.0", "", { "dependencies": { "@smithy/is-array-buffer": "^4.1.0", "@smithy/protocol-http": "^5.2.0", "@smithy/types": "^4.4.0", "@smithy/util-hex-encoding": "^4.1.0", "@smithy/util-middleware": "^4.1.0", "@smithy/util-uri-escape": "^4.1.0", "@smithy/util-utf8": "^4.1.0", "tslib": "^2.6.2" } }, "sha512-ObX1ZqG2DdZQlXx9mLD7yAR8AGb7yXurGm+iWx9x4l1fBZ8CZN2BRT09aSbcXVPZXWGdn5VtMuupjxhOTI2EjA=="],

    "@smithy/smithy-client": ["@smithy/smithy-client@4.6.0", "", { "dependencies": { "@smithy/core": "^3.10.0", "@smithy/middleware-endpoint": "^4.2.0", "@smithy/middleware-stack": "^4.1.0", "@smithy/protocol-http": "^5.2.0", "@smithy/types": "^4.4.0", "@smithy/util-stream": "^4.3.0", "tslib": "^2.6.2" } }, "sha512-TvlIshqx5PIi0I0AiR+PluCpJ8olVG++xbYkAIGCUkByaMUlfOXLgjQTmYbr46k4wuDe8eHiTIlUflnjK2drPQ=="],

    "@smithy/types": ["@smithy/types@4.4.0", "", { "dependencies": { "tslib": "^2.6.2" } }, "sha512-4jY91NgZz+ZnSFcVzWwngOW6VuK3gR/ihTwSU1R/0NENe9Jd8SfWgbhDCAGUWL3bI7DiDSW7XF6Ui6bBBjrqXw=="],

    "@smithy/url-parser": ["@smithy/url-parser@4.1.0", "", { "dependencies": { "@smithy/querystring-parser": "^4.1.0", "@smithy/types": "^4.4.0", "tslib": "^2.6.2" } }, "sha512-/LYEIOuO5B2u++tKr1NxNxhZTrr3A63jW8N73YTwVeUyAlbB/YM+hkftsvtKAcMt3ADYo0FsF1GY3anehffSVQ=="],

    "@smithy/util-base64": ["@smithy/util-base64@4.1.0", "", { "dependencies": { "@smithy/util-buffer-from": "^4.1.0", "@smithy/util-utf8": "^4.1.0", "tslib": "^2.6.2" } }, "sha512-RUGd4wNb8GeW7xk+AY5ghGnIwM96V0l2uzvs/uVHf+tIuVX2WSvynk5CxNoBCsM2rQRSZElAo9rt3G5mJ/gktQ=="],

    "@smithy/util-body-length-browser": ["@smithy/util-body-length-browser@4.1.0", "", { "dependencies": { "tslib": "^2.6.2" } }, "sha512-V2E2Iez+bo6bUMOTENPr6eEmepdY8Hbs+Uc1vkDKgKNA/brTJqOW/ai3JO1BGj9GbCeLqw90pbbH7HFQyFotGQ=="],

    "@smithy/util-body-length-node": ["@smithy/util-body-length-node@4.1.0", "", { "dependencies": { "tslib": "^2.6.2" } }, "sha512-BOI5dYjheZdgR9XiEM3HJcEMCXSoqbzu7CzIgYrx0UtmvtC3tC2iDGpJLsSRFffUpy8ymsg2ARMP5fR8mtuUQQ=="],

    "@smithy/util-buffer-from": ["@smithy/util-buffer-from@4.1.0", "", { "dependencies": { "@smithy/is-array-buffer": "^4.1.0", "tslib": "^2.6.2" } }, "sha512-N6yXcjfe/E+xKEccWEKzK6M+crMrlwaCepKja0pNnlSkm6SjAeLKKA++er5Ba0I17gvKfN/ThV+ZOx/CntKTVw=="],

    "@smithy/util-config-provider": ["@smithy/util-config-provider@4.1.0", "", { "dependencies": { "tslib": "^2.6.2" } }, "sha512-swXz2vMjrP1ZusZWVTB/ai5gK+J8U0BWvP10v9fpcFvg+Xi/87LHvHfst2IgCs1i0v4qFZfGwCmeD/KNCdJZbQ=="],

    "@smithy/util-defaults-mode-browser": ["@smithy/util-defaults-mode-browser@4.1.0", "", { "dependencies": { "@smithy/property-provider": "^4.1.0", "@smithy/smithy-client": "^4.6.0", "@smithy/types": "^4.4.0", "bowser": "^2.11.0", "tslib": "^2.6.2" } }, "sha512-D27cLtJtC4EEeERJXS+JPoogz2tE5zeE3zhWSSu6ER5/wJ5gihUxIzoarDX6K1U27IFTHit5YfHqU4Y9RSGE0w=="],

    "@smithy/util-defaults-mode-node": ["@smithy/util-defaults-mode-node@4.1.0", "", { "dependencies": { "@smithy/config-resolver": "^4.2.0", "@smithy/credential-provider-imds": "^4.1.0", "@smithy/node-config-provider": "^4.2.0", "@smithy/property-provider": "^4.1.0", "@smithy/smithy-client": "^4.6.0", "@smithy/types": "^4.4.0", "tslib": "^2.6.2" } }, "sha512-gnZo3u5dP1o87plKupg39alsbeIY1oFFnCyV2nI/++pL19vTtBLgOyftLEjPjuXmoKn2B2rskX8b7wtC/+3Okg=="],

    "@smithy/util-endpoints": ["@smithy/util-endpoints@3.1.0", "", { "dependencies": { "@smithy/node-config-provider": "^4.2.0", "@smithy/types": "^4.4.0", "tslib": "^2.6.2" } }, "sha512-5LFg48KkunBVGrNs3dnQgLlMXJLVo7k9sdZV5su3rjO3c3DmQ2LwUZI0Zr49p89JWK6sB7KmzyI2fVcDsZkwuw=="],

    "@smithy/util-hex-encoding": ["@smithy/util-hex-encoding@4.1.0", "", { "dependencies": { "tslib": "^2.6.2" } }, "sha512-1LcueNN5GYC4tr8mo14yVYbh/Ur8jHhWOxniZXii+1+ePiIbsLZ5fEI0QQGtbRRP5mOhmooos+rLmVASGGoq5w=="],

    "@smithy/util-middleware": ["@smithy/util-middleware@4.1.0", "", { "dependencies": { "@smithy/types": "^4.4.0", "tslib": "^2.6.2" } }, "sha512-612onNcKyxhP7/YOTKFTb2F6sPYtMRddlT5mZvYf1zduzaGzkYhpYIPxIeeEwBZFjnvEqe53Ijl2cYEfJ9d6/Q=="],

    "@smithy/util-retry": ["@smithy/util-retry@4.1.0", "", { "dependencies": { "@smithy/service-error-classification": "^4.1.0", "@smithy/types": "^4.4.0", "tslib": "^2.6.2" } }, "sha512-5AGoBHb207xAKSVwaUnaER+L55WFY8o2RhlafELZR3mB0J91fpL+Qn+zgRkPzns3kccGaF2vy0HmNVBMWmN6dA=="],

    "@smithy/util-stream": ["@smithy/util-stream@4.3.0", "", { "dependencies": { "@smithy/fetch-http-handler": "^5.2.0", "@smithy/node-http-handler": "^4.2.0", "@smithy/types": "^4.4.0", "@smithy/util-base64": "^4.1.0", "@smithy/util-buffer-from": "^4.1.0", "@smithy/util-hex-encoding": "^4.1.0", "@smithy/util-utf8": "^4.1.0", "tslib": "^2.6.2" } }, "sha512-ZOYS94jksDwvsCJtppHprUhsIscRnCKGr6FXCo3SxgQ31ECbza3wqDBqSy6IsAak+h/oAXb1+UYEBmDdseAjUQ=="],

    "@smithy/util-uri-escape": ["@smithy/util-uri-escape@4.1.0", "", { "dependencies": { "tslib": "^2.6.2" } }, "sha512-b0EFQkq35K5NHUYxU72JuoheM6+pytEVUGlTwiFxWFpmddA+Bpz3LgsPRIpBk8lnPE47yT7AF2Egc3jVnKLuPg=="],

    "@smithy/util-utf8": ["@smithy/util-utf8@4.1.0", "", { "dependencies": { "@smithy/util-buffer-from": "^4.1.0", "tslib": "^2.6.2" } }, "sha512-mEu1/UIXAdNYuBcyEPbjScKi/+MQVXNIuY/7Cm5XLIWe319kDrT5SizBE95jqtmEXoDbGoZxKLCMttdZdqTZKQ=="],

    "@smithy/util-waiter": ["@smithy/util-waiter@4.1.0", "", { "dependencies": { "@smithy/abort-controller": "^4.1.0", "@smithy/types": "^4.4.0", "tslib": "^2.6.2" } }, "sha512-IUuj2zpGdeKaY5OdGnU83BUJsv7OA9uw3rNVSOuvzLMXMpBTU+W6V0SsQh6iI32lKUJArlnEU4BIzp83hghR/g=="],

    "@tokenizer/inflate": ["@tokenizer/inflate@0.2.7", "", { "dependencies": { "debug": "^4.4.0", "fflate": "^0.8.2", "token-types": "^6.0.0" } }, "sha512-MADQgmZT1eKjp06jpI2yozxaU9uVs4GzzgSL+uEq7bVcJ9V1ZXQkeGNql1fsSI0gMy1vhvNTNbUqrx+pZfJVmg=="],

    "@tokenizer/token": ["@tokenizer/token@0.3.0", "", {}, "sha512-OvjF+z51L3ov0OyAU0duzsYuvO01PH7x4t6DJx+guahgTnBHkhJdG7soQeTSFLWN3efnHyibZ4Z8l2EuWwJN3A=="],

    "@types/node": ["@types/node@24.3.1", "", { "dependencies": { "undici-types": "~7.10.0" } }, "sha512-3vXmQDXy+woz+gnrTvuvNrPzekOi+Ds0ReMxw0LzBiK3a+1k0kQn9f2NWk+lgD4rJehFUmYy2gMhJ2ZI+7YP9g=="],

    "@types/react": ["@types/react@19.1.12", "", { "dependencies": { "csstype": "^3.0.2" } }, "sha512-cMoR+FoAf/Jyq6+Df2/Z41jISvGZZ2eTlnsaJRptmZ76Caldwy1odD4xTr/gNV9VLj0AWgg/nmkevIyUfIIq5w=="],

    "@types/uuid": ["@types/uuid@9.0.8", "", {}, "sha512-jg+97EGIcY9AGHJJRaaPVgetKDsrTgbRjQ5Msgjh/DQKEFl0DtyRr/VCOyD1T2R1MNeWPK/u7JoGhlDZnKBAfA=="],

    "boolbase": ["boolbase@1.0.0", "", {}, "sha512-JZOSA7Mo9sNGB8+UjSgzdLtokWAky1zbztM3WRLCbZ70/3cTANmQmOdR7y2g+J0e2WXywy1yS468tY+IruqEww=="],

    "bowser": ["bowser@2.12.1", "", {}, "sha512-z4rE2Gxh7tvshQ4hluIT7XcFrgLIQaw9X3A+kTTRdovCz5PMukm/0QC/BKSYPj3omF5Qfypn9O/c5kgpmvYUCw=="],

    "bun-types": ["bun-types@1.2.21", "", { "dependencies": { "@types/node": "*" }, "peerDependencies": { "@types/react": "^19" } }, "sha512-sa2Tj77Ijc/NTLS0/Odjq/qngmEPZfbfnOERi0KRUYhT9R8M4VBioWVmMWE5GrYbKMc+5lVybXygLdibHaqVqw=="],

    "cheerio": ["cheerio@1.1.2", "", { "dependencies": { "cheerio-select": "^2.1.0", "dom-serializer": "^2.0.0", "domhandler": "^5.0.3", "domutils": "^3.2.2", "encoding-sniffer": "^0.2.1", "htmlparser2": "^10.0.0", "parse5": "^7.3.0", "parse5-htmlparser2-tree-adapter": "^7.1.0", "parse5-parser-stream": "^7.1.2", "undici": "^7.12.0", "whatwg-mimetype": "^4.0.0" } }, "sha512-IkxPpb5rS/d1IiLbHMgfPuS0FgiWTtFIm/Nj+2woXDLTZ7fOT2eqzgYbdMlLweqlHbsZjxEChoVK+7iph7jyQg=="],

    "cheerio-select": ["cheerio-select@2.1.0", "", { "dependencies": { "boolbase": "^1.0.0", "css-select": "^5.1.0", "css-what": "^6.1.0", "domelementtype": "^2.3.0", "domhandler": "^5.0.3", "domutils": "^3.0.1" } }, "sha512-9v9kG0LvzrlcungtnJtpGNxY+fzECQKhK4EGJX2vByejiMX84MFNQw4UxPJl3bFbTMw+Dfs37XaIkCwTZfLh4g=="],

    "cluster-key-slot": ["cluster-key-slot@1.1.2", "", {}, "sha512-RMr0FhtfXemyinomL4hrWcYJxmX6deFdCxpJzhDttxgO1+bcCnkk+9drydLVDmAMG7NE6aN/fl4F7ucU/90gAA=="],

    "cookie": ["cookie@1.0.2", "", {}, "sha512-9Kr/j4O16ISv8zBBhJoi4bXOYNTkFLOqSL3UDB0njXxCXNezjeyVrJyGOWtgfs/q2km1gwBcfH8q1yEGoMYunA=="],

    "croner": ["croner@6.0.7", "", {}, "sha512-k3Xx3Rcclfr60Yx4TmvsF3Yscuiql8LSvYLaphTsaq5Hk8La4Z/udmUANMOTKpgGGroI2F6/XOr9cU9OFkYluQ=="],

    "css-select": ["css-select@5.2.2", "", { "dependencies": { "boolbase": "^1.0.0", "css-what": "^6.1.0", "domhandler": "^5.0.2", "domutils": "^3.0.1", "nth-check": "^2.0.1" } }, "sha512-TizTzUddG/xYLA3NXodFM0fSbNizXjOKhqiQQwvhlspadZokn1KDy0NZFS0wuEubIYAV5/c1/lAr0TaaFXEXzw=="],

    "css-what": ["css-what@6.2.2", "", {}, "sha512-u/O3vwbptzhMs3L1fQE82ZSLHQQfto5gyZzwteVIEyeaY5Fc7R4dapF/BvRoSYFeqfBk4m0V1Vafq5Pjv25wvA=="],

    "csstype": ["csstype@3.1.3", "", {}, "sha512-M1uQkMl8rQK/szD0LNhtqxIPLpimGm8sOBwU7lLnCpSbTyY3yeU1Vc7l4KT5zT4s/yOxHH5O7tIuuLOCnLADRw=="],

    "debug": ["debug@4.4.1", "", { "dependencies": { "ms": "^2.1.3" } }, "sha512-KcKCqiftBJcZr++7ykoDIEwSa3XWowTfNPo92BYxjXiyYEVrUQh2aLyhxBCwww+heortUFxEJYcRzosstTEBYQ=="],

    "denque": ["denque@2.1.0", "", {}, "sha512-HVQE3AAb/pxF8fQAoiqpvg9i3evqug3hoiwakOyZAwJm+6vZehbkYXZ0l4JxS+I3QxM97v5aaRNhj8v5oBhekw=="],

    "dom-serializer": ["dom-serializer@2.0.0", "", { "dependencies": { "domelementtype": "^2.3.0", "domhandler": "^5.0.2", "entities": "^4.2.0" } }, "sha512-wIkAryiqt/nV5EQKqQpo3SToSOV9J0DnbJqwK7Wv/Trc92zIAYZ4FlMu+JPFW1DfGFt81ZTCGgDEabffXeLyJg=="],

    "domelementtype": ["domelementtype@2.3.0", "", {}, "sha512-OLETBj6w0OsagBwdXnPdN0cnMfF9opN69co+7ZrbfPGrdpPVNBUj02spi6B1N7wChLQiPn4CSH/zJvXw56gmHw=="],

    "domhandler": ["domhandler@5.0.3", "", { "dependencies": { "domelementtype": "^2.3.0" } }, "sha512-cgwlv/1iFQiFnU96XXgROh8xTeetsnJiDsTc7TYCLFd9+/WNkIqPTxiM/8pSd8VIrhXGTf1Ny1q1hquVqDJB5w=="],

    "domutils": ["domutils@3.2.2", "", { "dependencies": { "dom-serializer": "^2.0.0", "domelementtype": "^2.3.0", "domhandler": "^5.0.3" } }, "sha512-6kZKyUajlDuqlHKVX1w7gyslj9MPIXzIFiz/rGu35uC1wMi+kMhQwGhl4lt9unC9Vb9INnY9Z3/ZA3+FhASLaw=="],

    "dotenv": ["dotenv@17.2.2", "", {}, "sha512-Sf2LSQP+bOlhKWWyhFsn0UsfdK/kCWRv1iuA2gXAwt3dyNabr6QSj00I2V10pidqz69soatm9ZwZvpQMTIOd5Q=="],

    "elysia": ["elysia@1.3.21", "", { "dependencies": { "cookie": "^1.0.2", "exact-mirror": "0.1.6", "fast-decode-uri-component": "^1.0.1" }, "optionalDependencies": { "@sinclair/typebox": "^0.34.33", "openapi-types": "^12.1.3" }, "peerDependencies": { "file-type": ">= 20.0.0", "typescript": ">= 5.0.0" } }, "sha512-LLfDSoVA5fBoqKQfMJyzmHLkya8zMbEYwd7DS7v2iQB706mgzWg0gufXl58cFALErcvSayplrkDvjkmlYTkIZQ=="],

    "encoding-sniffer": ["encoding-sniffer@0.2.1", "", { "dependencies": { "iconv-lite": "^0.6.3", "whatwg-encoding": "^3.1.1" } }, "sha512-5gvq20T6vfpekVtqrYQsSCFZ1wEg5+wW0/QaZMWkFr6BqD3NfKs0rLCx4rrVlSWJeZb5NBJgVLswK/w2MWU+Gw=="],

    "entities": ["entities@4.5.0", "", {}, "sha512-V0hjH4dGPh9Ao5p0MoRY6BVqtwCjhz6vI5LT8AJ55H+4g9/4vbHx1I54fS0XuclLhDHArPQCiMjDxjaL8fPxhw=="],

    "exact-mirror": ["exact-mirror@0.1.6", "", { "peerDependencies": { "@sinclair/typebox": "^0.34.15" }, "optionalPeers": ["@sinclair/typebox"] }, "sha512-EXGDixoDotCGrXCce63zmGHDA+3Id6PPkIwshBHuB10dwVc4YV4gfaYLuysHOxyURmwyt4UL186ann0oYa2CFQ=="],

    "fast-decode-uri-component": ["fast-decode-uri-component@1.0.1", "", {}, "sha512-WKgKWg5eUxvRZGwW8FvfbaH7AXSh2cL+3j5fMGzUMCxWBJ3dV3a7Wz8y2f/uQ0e3B6WmodD3oS54jTQ9HVTIIg=="],

    "fast-xml-parser": ["fast-xml-parser@5.2.5", "", { "dependencies": { "strnum": "^2.1.0" }, "bin": { "fxparser": "src/cli/cli.js" } }, "sha512-pfX9uG9Ki0yekDHx2SiuRIyFdyAr1kMIMitPvb0YBo8SUfKvia7w7FIyd/l6av85pFYRhZscS75MwMnbvY+hcQ=="],

    "fflate": ["fflate@0.8.2", "", {}, "sha512-cPJU47OaAoCbg0pBvzsgpTPhmhqI5eJjh/JIu8tPj5q+T7iLvW/JAYUqmE7KOB4R1ZyEhzBaIQpQpardBF5z8A=="],

    "file-type": ["file-type@21.0.0", "", { "dependencies": { "@tokenizer/inflate": "^0.2.7", "strtok3": "^10.2.2", "token-types": "^6.0.0", "uint8array-extras": "^1.4.0" } }, "sha512-ek5xNX2YBYlXhiUXui3D/BXa3LdqPmoLJ7rqEx2bKJ7EAUEfmXgW0Das7Dc6Nr9MvqaOnIqiPV0mZk/r/UpNAg=="],

    "htmlparser2": ["htmlparser2@10.0.0", "", { "dependencies": { "domelementtype": "^2.3.0", "domhandler": "^5.0.3", "domutils": "^3.2.1", "entities": "^6.0.0" } }, "sha512-TwAZM+zE5Tq3lrEHvOlvwgj1XLWQCtaaibSN11Q+gGBAS7Y1uZSWwXXRe4iF6OXnaq1riyQAPFOBtYc77Mxq0g=="],

    "iconv-lite": ["iconv-lite@0.6.3", "", { "dependencies": { "safer-buffer": ">= 2.1.2 < 3.0.0" } }, "sha512-4fCk79wshMdzMp2rH06qWrJE4iolqLhCUH+OiuIgU++RB0+94NlDL81atO7GX55uUKueo0txHNtvEyI6D7WdMw=="],

    "ieee754": ["ieee754@1.2.1", "", {}, "sha512-dcyqhDvX1C46lXZcVqCpK+FtMRQVdIMN6/Df5js2zouUsqG7I6sFxitIC+7KYK29KdXOLHdu9zL4sFnoVQnqaA=="],

    "ioredis": ["ioredis@5.7.0", "", { "dependencies": { "@ioredis/commands": "^1.3.0", "cluster-key-slot": "^1.1.0", "debug": "^4.3.4", "denque": "^2.1.0", "lodash.defaults": "^4.2.0", "lodash.isarguments": "^3.1.0", "redis-errors": "^1.2.0", "redis-parser": "^3.0.0", "standard-as-callback": "^2.1.0" } }, "sha512-NUcA93i1lukyXU+riqEyPtSEkyFq8tX90uL659J+qpCZ3rEdViB/APC58oAhIh3+bJln2hzdlZbBZsGNrlsR8g=="],

    "lodash.defaults": ["lodash.defaults@4.2.0", "", {}, "sha512-qjxPLHd3r5DnsdGacqOMU6pb/avJzdh9tFX2ymgoZE27BmjXrNy/y4LoaiTeAb+O3gL8AfpJGtqfX/ae2leYYQ=="],

    "lodash.isarguments": ["lodash.isarguments@3.1.0", "", {}, "sha512-chi4NHZlZqZD18a0imDHnZPrDeBbTtVN7GXMwuGdRH9qotxAjYs3aVLKc7zNOG9eddR5Ksd8rvFEBc9SsggPpg=="],

    "ms": ["ms@2.1.3", "", {}, "sha512-6FlzubTLZG3J2a/NVCAleEhjzq5oxgHyaCU9yYXvcLsvoVaHJq/s5xXI6/XXP6tz7R9xAOtHnSO/tXtF3WRTlA=="],

    "nth-check": ["nth-check@2.1.1", "", { "dependencies": { "boolbase": "^1.0.0" } }, "sha512-lqjrjmaOoAnWfMmBPL+XNnynZh2+swxiX3WUE0s4yEHI6m+AwrK2UZOimIRl3X/4QctVqS8AiZjFqyOGrMXb/w=="],

    "openapi-types": ["openapi-types@12.1.3", "", {}, "sha512-N4YtSYJqghVu4iek2ZUvcN/0aqH1kRDuNqzcycDxhOUpg7GdvLa2F3DgS6yBNhInhv2r/6I0Flkn7CqL8+nIcw=="],

    "parse5": ["parse5@7.3.0", "", { "dependencies": { "entities": "^6.0.0" } }, "sha512-IInvU7fabl34qmi9gY8XOVxhYyMyuH2xUNpb2q8/Y+7552KlejkRvqvD19nMoUW/uQGGbqNpA6Tufu5FL5BZgw=="],

    "parse5-htmlparser2-tree-adapter": ["parse5-htmlparser2-tree-adapter@7.1.0", "", { "dependencies": { "domhandler": "^5.0.3", "parse5": "^7.0.0" } }, "sha512-ruw5xyKs6lrpo9x9rCZqZZnIUntICjQAd0Wsmp396Ul9lN/h+ifgVV1x1gZHi8euej6wTfpqX8j+BFQxF0NS/g=="],

    "parse5-parser-stream": ["parse5-parser-stream@7.1.2", "", { "dependencies": { "parse5": "^7.0.0" } }, "sha512-JyeQc9iwFLn5TbvvqACIF/VXG6abODeB3Fwmv/TGdLk2LfbWkaySGY72at4+Ty7EkPZj854u4CrICqNk2qIbow=="],

    "redis-errors": ["redis-errors@1.2.0", "", {}, "sha512-1qny3OExCf0UvUV/5wpYKf2YwPcOqXzkwKKSmKHiE6ZMQs5heeE/c8eXK+PNllPvmjgAbfnsbpkGZWy8cBpn9w=="],

    "redis-parser": ["redis-parser@3.0.0", "", { "dependencies": { "redis-errors": "^1.0.0" } }, "sha512-DJnGAeenTdpMEH6uAJRK/uiyEIH9WVsUmoLwzudwGJUwZPp80PDBWPHXSAGNPwNvIXAbe7MSUB1zQFugFml66A=="],

    "safer-buffer": ["safer-buffer@2.1.2", "", {}, "sha512-YZo3K82SD7Riyi0E1EQPojLz7kpepnSQI9IyPbHHg1XXXevb5dJI7tpyN2ADxGcQbHG7vcyRHk0cbwqcQriUtg=="],

    "standard-as-callback": ["standard-as-callback@2.1.0", "", {}, "sha512-qoRRSyROncaz1z0mvYqIE4lCd9p2R90i6GxW3uZv5ucSu8tU7B5HXUP1gG8pVZsYNVaXjk8ClXHPttLyxAL48A=="],

    "strnum": ["strnum@2.1.1", "", {}, "sha512-7ZvoFTiCnGxBtDqJ//Cu6fWtZtc7Y3x+QOirG15wztbdngGSkht27o2pyGWrVy0b4WAy3jbKmnoK6g5VlVNUUw=="],

    "strtok3": ["strtok3@10.3.4", "", { "dependencies": { "@tokenizer/token": "^0.3.0" } }, "sha512-KIy5nylvC5le1OdaaoCJ07L+8iQzJHGH6pWDuzS+d07Cu7n1MZ2x26P8ZKIWfbK02+XIL8Mp4RkWeqdUCrDMfg=="],

    "token-types": ["token-types@6.1.1", "", { "dependencies": { "@borewit/text-codec": "^0.1.0", "@tokenizer/token": "^0.3.0", "ieee754": "^1.2.1" } }, "sha512-kh9LVIWH5CnL63Ipf0jhlBIy0UsrMj/NJDfpsy1SqOXlLKEVyXXYrnFxFT1yOOYVGBSApeVnjPw/sBz5BfEjAQ=="],

    "tslib": ["tslib@2.8.1", "", {}, "sha512-oJFu94HQb+KVduSUQL7wnpmqnfmLsOA/nAh6b6EH0wCEoK0/mPeXU6c3wKDV83MkOuHPRHtSXKKU99IBazS/2w=="],

    "typescript": ["typescript@5.9.2", "", { "bin": { "tsc": "bin/tsc", "tsserver": "bin/tsserver" } }, "sha512-CWBzXQrc/qOkhidw1OzBTQuYRbfyxDXJMVJ1XNwUHGROVmuaeiEm3OslpZ1RV96d7SKKjZKrSJu3+t/xlw3R9A=="],

    "uint8array-extras": ["uint8array-extras@1.5.0", "", {}, "sha512-rvKSBiC5zqCCiDZ9kAOszZcDvdAHwwIKJG33Ykj43OKcWsnmcBRL09YTU4nOeHZ8Y2a7l1MgTd08SBe9A8Qj6A=="],

    "undici": ["undici@7.15.0", "", {}, "sha512-7oZJCPvvMvTd0OlqWsIxTuItTpJBpU1tcbVl24FMn3xt3+VSunwUasmfPJRE57oNO1KsZ4PgA1xTdAX4hq8NyQ=="],

    "undici-types": ["undici-types@7.10.0", "", {}, "sha512-t5Fy/nfn+14LuOc2KNYg75vZqClpAiqscVvMygNnlsHBFpSXdJaYtXMcdNLpl/Qvc3P2cB3s6lOV51nqsFq4ag=="],

    "uuid": ["uuid@9.0.1", "", { "bin": { "uuid": "dist/bin/uuid" } }, "sha512-b+1eJOlsR9K8HJpow9Ok3fiWOWSIcIzXodvv0rQjVoOVNpWMpxf1wZNpt4y9h10odCNrqnYp1OBzRktckBe3sA=="],

    "whatwg-encoding": ["whatwg-encoding@3.1.1", "", { "dependencies": { "iconv-lite": "0.6.3" } }, "sha512-6qN4hJdMwfYBtE3YBTTHhoeuUrDBPZmbQaxWAqSALV/MeEnR5z1xd8UKud2RAkFoPkmB+hli1TZSnyi84xz1vQ=="],

    "whatwg-mimetype": ["whatwg-mimetype@4.0.0", "", {}, "sha512-QaKxh0eNIi2mE9p2vEdzfagOKHCcj1pJ56EEHGQOVxp8r9/iszLUUV7v89x9O1p/T+NlTM5W7jW6+cz4Fq1YVg=="],

    "@aws-crypto/sha1-browser/@smithy/util-utf8": ["@smithy/util-utf8@2.3.0", "", { "dependencies": { "@smithy/util-buffer-from": "^2.2.0", "tslib": "^2.6.2" } }, "sha512-R8Rdn8Hy72KKcebgLiv8jQcQkXoLMOGGv5uI1/k0l+snqkOzQ1R0ChUBCxWMlBsFMekWjq0wRudIweFs7sKT5A=="],

    "@aws-crypto/sha256-browser/@smithy/util-utf8": ["@smithy/util-utf8@2.3.0", "", { "dependencies": { "@smithy/util-buffer-from": "^2.2.0", "tslib": "^2.6.2" } }, "sha512-R8Rdn8Hy72KKcebgLiv8jQcQkXoLMOGGv5uI1/k0l+snqkOzQ1R0ChUBCxWMlBsFMekWjq0wRudIweFs7sKT5A=="],

    "@aws-crypto/util/@smithy/util-utf8": ["@smithy/util-utf8@2.3.0", "", { "dependencies": { "@smithy/util-buffer-from": "^2.2.0", "tslib": "^2.6.2" } }, "sha512-R8Rdn8Hy72KKcebgLiv8jQcQkXoLMOGGv5uI1/k0l+snqkOzQ1R0ChUBCxWMlBsFMekWjq0wRudIweFs7sKT5A=="],

    "htmlparser2/entities": ["entities@6.0.1", "", {}, "sha512-aN97NXWF6AWBTahfVOIrB/NShkzi5H7F9r1s9mD3cDj4Ko5f2qhhVoYMibXF7GlLveb/D2ioWay8lxI97Ven3g=="],

    "parse5/entities": ["entities@6.0.1", "", {}, "sha512-aN97NXWF6AWBTahfVOIrB/NShkzi5H7F9r1s9mD3cDj4Ko5f2qhhVoYMibXF7GlLveb/D2ioWay8lxI97Ven3g=="],

    "@aws-crypto/sha1-browser/@smithy/util-utf8/@smithy/util-buffer-from": ["@smithy/util-buffer-from@2.2.0", "", { "dependencies": { "@smithy/is-array-buffer": "^2.2.0", "tslib": "^2.6.2" } }, "sha512-IJdWBbTcMQ6DA0gdNhh/BwrLkDR+ADW5Kr1aZmd4k3DIF6ezMV4R2NIAmT08wQJ3yUK82thHWmC/TnK/wpMMIA=="],

    "@aws-crypto/sha256-browser/@smithy/util-utf8/@smithy/util-buffer-from": ["@smithy/util-buffer-from@2.2.0", "", { "dependencies": { "@smithy/is-array-buffer": "^2.2.0", "tslib": "^2.6.2" } }, "sha512-IJdWBbTcMQ6DA0gdNhh/BwrLkDR+ADW5Kr1aZmd4k3DIF6ezMV4R2NIAmT08wQJ3yUK82thHWmC/TnK/wpMMIA=="],

    "@aws-crypto/util/@smithy/util-utf8/@smithy/util-buffer-from": ["@smithy/util-buffer-from@2.2.0", "", { "dependencies": { "@smithy/is-array-buffer": "^2.2.0", "tslib": "^2.6.2" } }, "sha512-IJdWBbTcMQ6DA0gdNhh/BwrLkDR+ADW5Kr1aZmd4k3DIF6ezMV4R2NIAmT08wQJ3yUK82thHWmC/TnK/wpMMIA=="],

    "@aws-crypto/sha1-browser/@smithy/util-utf8/@smithy/util-buffer-from/@smithy/is-array-buffer": ["@smithy/is-array-buffer@2.2.0", "", { "dependencies": { "tslib": "^2.6.2" } }, "sha512-GGP3O9QFD24uGeAXYUjwSTXARoqpZykHadOmA8G5vfJPK0/DC67qa//0qvqrJzL1xc8WQWX7/yc7fwudjPHPhA=="],

    "@aws-crypto/sha256-browser/@smithy/util-utf8/@smithy/util-buffer-from/@smithy/is-array-buffer": ["@smithy/is-array-buffer@2.2.0", "", { "dependencies": { "tslib": "^2.6.2" } }, "sha512-GGP3O9QFD24uGeAXYUjwSTXARoqpZykHadOmA8G5vfJPK0/DC67qa//0qvqrJzL1xc8WQWX7/yc7fwudjPHPhA=="],

    "@aws-crypto/util/@smithy/util-utf8/@smithy/util-buffer-from/@smithy/is-array-buffer": ["@smithy/is-array-buffer@2.2.0", "", { "dependencies": { "tslib": "^2.6.2" } }, "sha512-GGP3O9QFD24uGeAXYUjwSTXARoqpZykHadOmA8G5vfJPK0/DC67qa//0qvqrJzL1xc8WQWX7/yc7fwudjPHPhA=="],
  }
}
